
Microsoft Visual Studio Solution File, Format Version 12.00
# Visual Studio 15
VisualStudioVersion = 15.0.28307.539
MinimumVisualStudioVersion = 10.0.40219.1
Project("{FAE04EC0-301F-11D3-BF4B-00C04F79EFBC}") = "IslamicGuide.App", "temp\IslamicGuide.App.csproj", "{B4A8280A-AA13-40F0-8E1F-895226EE8AD0}"
EndProject
Project("{FAE04EC0-301F-11D3-BF4B-00C04F79EFBC}") = "IslamicGuide.Data", "IslamicGuide.Data\IslamicGuide.Data.csproj", "{AD726676-4FD6-4737-B1CB-DCBCFA90B3FC}"
EndProject
Project("{FAE04EC0-301F-11D3-BF4B-00C04F79EFBC}") = "IslamicGuide.Services", "IslamicGuide.Services\IslamicGuide.Services.csproj", "{0243EC60-C84C-4AFD-8348-4E82B0360B79}"
EndProject
Project("{FAE04EC0-301F-11D3-BF4B-00C04F79EFBC}") = "SchedualedJobs", "SchedualedJobs\SchedualedJobs.csproj", "{B0BAA745-31F1-42E3-89D2-83C64703B3A0}"
EndProject
Global
	GlobalSection(SolutionConfigurationPlatforms) = preSolution
		Debug|Any CPU = Debug|Any CPU
		Release|Any CPU = Release|Any CPU
	EndGlobalSection
	GlobalSection(ProjectConfigurationPlatforms) = postSolution
		{B4A8280A-AA13-40F0-8E1F-895226EE8AD0}.Debug|Any CPU.ActiveCfg = Debug|Any CPU
		{B4A8280A-AA13-40F0-8E1F-895226EE8AD0}.Debug|Any CPU.Build.0 = Debug|Any CPU
		{B4A8280A-AA13-40F0-8E1F-895226EE8AD0}.Release|Any CPU.ActiveCfg = Release|Any CPU
		{B4A8280A-AA13-40F0-8E1F-895226EE8AD0}.Release|Any CPU.Build.0 = Release|Any CPU
		{AD726676-4FD6-4737-B1CB-DCBCFA90B3FC}.Debug|Any CPU.ActiveCfg = Debug|Any CPU
		{AD726676-4FD6-4737-B1CB-DCBCFA90B3FC}.Debug|Any CPU.Build.0 = Debug|Any CPU
		{AD726676-4FD6-4737-B1CB-DCBCFA90B3FC}.Release|Any CPU.ActiveCfg = Release|Any CPU
		{AD726676-4FD6-4737-B1CB-DCBCFA90B3FC}.Release|Any CPU.Build.0 = Release|Any CPU
		{0243EC60-C84C-4AFD-8348-4E82B0360B79}.Debug|Any CPU.ActiveCfg = Debug|Any CPU
		{0243EC60-C84C-4AFD-8348-4E82B0360B79}.Debug|Any CPU.Build.0 = Debug|Any CPU
		{0243EC60-C84C-4AFD-8348-4E82B0360B79}.Release|Any CPU.ActiveCfg = Release|Any CPU
		{0243EC60-C84C-4AFD-8348-4E82B0360B79}.Release|Any CPU.Build.0 = Release|Any CPU
		{B0BAA745-31F1-42E3-89D2-83C64703B3A0}.Debug|Any CPU.ActiveCfg = Debug|Any CPU
		{B0BAA745-31F1-42E3-89D2-83C64703B3A0}.Debug|Any CPU.Build.0 = Debug|Any CPU
		{B0BAA745-31F1-42E3-89D2-83C64703B3A0}.Release|Any CPU.ActiveCfg = Release|Any CPU
		{B0BAA745-31F1-42E3-89D2-83C64703B3A0}.Release|Any CPU.Build.0 = Release|Any CPU
	EndGlobalSection
	GlobalSection(SolutionProperties) = preSolution
		HideSolutionNode = FALSE
	EndGlobalSection
	GlobalSection(ExtensibilityGlobals) = postSolution
		SolutionGuid = {28DF3AA3-EBAF-443A-AA45-A97F3A148E15}
	EndGlobalSection
EndGlobal
